{
  "requires": true,
  "lockfileVersion": 1,
  "dependencies": {
    "vue-router": {
      "version": "4.0.5",
      "resolved": "https://registry.npmjs.org/vue-router/-/vue-router-4.0.5.tgz",
      "integrity": "sha512-AQq+pllb6FCc7rS6vh4PPcce3XA1jgK3hKNkQ4hXHwoVN7jOeAOMKCnX7XAX3etV9rmN7iNW8iIwgPk95ckBjw=="
    }
  }
}
